
Microsoft Visual Studio Solution File, Format Version 12.00
# Visual Studio Version 17
VisualStudioVersion = 17.6.33801.468
MinimumVisualStudioVersion = 10.0.40219.1
Project("{9A19103F-16F7-4668-BE54-9A1E7A4F7556}") = "Container", "Container\Container.csproj", "{A10363AE-E727-417C-BD94-47074D11F95A}"
EndProject
Project("{9A19103F-16F7-4668-BE54-9A1E7A4F7556}") = "ContainerTests", "ContainerTests\ContainerTests.csproj", "{14EC02FE-6BD7-4E25-A163-EC097AB8C46C}"
EndProject
Project("{9A19103F-16F7-4668-BE54-9A1E7A4F7556}") = "Module", "..\Containers\Module\Module.csproj", "{E352605D-0BC9-4C50-A33A-6202CF99C223}"
EndProject
Global
	GlobalSection(SolutionConfigurationPlatforms) = preSolution
		Debug|Any CPU = Debug|Any CPU
		Release|Any CPU = Release|Any CPU
	EndGlobalSection
	GlobalSection(ProjectConfigurationPlatforms) = postSolution
		{A10363AE-E727-417C-BD94-47074D11F95A}.Debug|Any CPU.ActiveCfg = Debug|Any CPU
		{A10363AE-E727-417C-BD94-47074D11F95A}.Debug|Any CPU.Build.0 = Debug|Any CPU
		{A10363AE-E727-417C-BD94-47074D11F95A}.Release|Any CPU.ActiveCfg = Release|Any CPU
		{A10363AE-E727-417C-BD94-47074D11F95A}.Release|Any CPU.Build.0 = Release|Any CPU
		{14EC02FE-6BD7-4E25-A163-EC097AB8C46C}.Debug|Any CPU.ActiveCfg = Debug|Any CPU
		{14EC02FE-6BD7-4E25-A163-EC097AB8C46C}.Debug|Any CPU.Build.0 = Debug|Any CPU
		{14EC02FE-6BD7-4E25-A163-EC097AB8C46C}.Release|Any CPU.ActiveCfg = Release|Any CPU
		{14EC02FE-6BD7-4E25-A163-EC097AB8C46C}.Release|Any CPU.Build.0 = Release|Any CPU
		{E352605D-0BC9-4C50-A33A-6202CF99C223}.Debug|Any CPU.ActiveCfg = Debug|Any CPU
		{E352605D-0BC9-4C50-A33A-6202CF99C223}.Debug|Any CPU.Build.0 = Debug|Any CPU
		{E352605D-0BC9-4C50-A33A-6202CF99C223}.Release|Any CPU.ActiveCfg = Release|Any CPU
		{E352605D-0BC9-4C50-A33A-6202CF99C223}.Release|Any CPU.Build.0 = Release|Any CPU
	EndGlobalSection
	GlobalSection(SolutionProperties) = preSolution
		HideSolutionNode = FALSE
	EndGlobalSection
	GlobalSection(ExtensibilityGlobals) = postSolution
		SolutionGuid = {4959ACC4-B299-4E64-BE42-1BFBB60287AA}
	EndGlobalSection
EndGlobal
